
Microsoft Visual Studio Solution File, Format Version 12.00
# Visual Studio 14
VisualStudioVersion = 14.0.25420.1
MinimumVisualStudioVersion = 10.0.40219.1
Project("{FAE04EC0-301F-11D3-BF4B-00C04F79EFBC}") = "SQLClient", "SQLClient\SQLClient.csproj", "{8670ADA1-7B88-4526-B4ED-D810C3BB787D}"
EndProject
Project("{FAE04EC0-301F-11D3-BF4B-00C04F79EFBC}") = "SQLDAL", "SQLDAL\SQLDAL.csproj", "{EB9FD50B-500E-4F51-BCB8-3D866BB54B63}"
EndProject
Project("{FAE04EC0-301F-11D3-BF4B-00C04F79EFBC}") = "SQLUserControl", "SQLUserControl\SQLUserControl.csproj", "{6C2BC445-6D3D-44C9-85EF-FAFF93A5AA61}"
EndProject
Project("{FAE04EC0-301F-11D3-BF4B-00C04F79EFBC}") = "Helper", "Helper\Helper.csproj", "{C5324FCD-63E5-4786-BBAB-99C5594CE063}"
EndProject
Project("{FAE04EC0-301F-11D3-BF4B-00C04F79EFBC}") = "ICSharpCode.TextEditor", "ICSharpCode.TextEditor\ICSharpCode.TextEditor.csproj", "{2D18BE89-D210-49EB-A9DD-2246FBB3DF6D}"
EndProject
Project("{FAE04EC0-301F-11D3-BF4B-00C04F79EFBC}") = "MySQLDAL", "MySQLDAL\MySQLDAL.csproj", "{BEF2BBB4-1973-41FE-B646-D5FA1144AB09}"
EndProject
Project("{FAE04EC0-301F-11D3-BF4B-00C04F79EFBC}") = "SQLServerDAL", "SQLServerDAL\SQLServerDAL.csproj", "{46EF8BD1-AE9B-4514-9111-0BB372FE07EB}"
EndProject
Project("{FAE04EC0-301F-11D3-BF4B-00C04F79EFBC}") = "SQLiteDAL", "SQLiteDAL\SQLiteDAL.csproj", "{0EFB15BB-E16C-46B5-B272-BA6127FEE122}"
EndProject
Project("{FAE04EC0-301F-11D3-BF4B-00C04F79EFBC}") = "AccessDAL", "AccessDAL\AccessDAL.csproj", "{43579FC3-BE54-4877-80D5-F7E49865A1DE}"
EndProject
Project("{FAE04EC0-301F-11D3-BF4B-00C04F79EFBC}") = "SQLParser", "SQLParser\SQLParser.csproj", "{88592B88-E7C0-457B-9B2B-DC0610CAD503}"
EndProject
Project("{FAE04EC0-301F-11D3-BF4B-00C04F79EFBC}") = "OracleDAL", "OracleDAL\OracleDAL.csproj", "{326A0AF5-C1D6-4882-A044-0F0D3BB62D9A}"
EndProject
Project("{FAE04EC0-301F-11D3-BF4B-00C04F79EFBC}") = "PostgreSQLDAL", "PostgreSQLDAL\PostgreSQLDAL.csproj", "{AB940500-910B-4C3D-B73E-64E5E348DAF6}"
EndProject
Project("{FAE04EC0-301F-11D3-BF4B-00C04F79EFBC}") = "FaceDetection", "FaceDetection\FaceDetection.csproj", "{EADA4023-CADF-4DD1-9AA6-95F253969F67}"
EndProject
Global
	GlobalSection(SolutionConfigurationPlatforms) = preSolution
		CD_ROM|Any CPU = CD_ROM|Any CPU
		Debug|Any CPU = Debug|Any CPU
		DVD-5|Any CPU = DVD-5|Any CPU
		Release|Any CPU = Release|Any CPU
		SingleImage|Any CPU = SingleImage|Any CPU
	EndGlobalSection
	GlobalSection(ProjectConfigurationPlatforms) = postSolution
		{8670ADA1-7B88-4526-B4ED-D810C3BB787D}.CD_ROM|Any CPU.ActiveCfg = Release|Any CPU
		{8670ADA1-7B88-4526-B4ED-D810C3BB787D}.CD_ROM|Any CPU.Build.0 = Release|Any CPU
		{8670ADA1-7B88-4526-B4ED-D810C3BB787D}.Debug|Any CPU.ActiveCfg = Debug|Any CPU
		{8670ADA1-7B88-4526-B4ED-D810C3BB787D}.Debug|Any CPU.Build.0 = Debug|Any CPU
		{8670ADA1-7B88-4526-B4ED-D810C3BB787D}.DVD-5|Any CPU.ActiveCfg = Debug|Any CPU
		{8670ADA1-7B88-4526-B4ED-D810C3BB787D}.DVD-5|Any CPU.Build.0 = Debug|Any CPU
		{8670ADA1-7B88-4526-B4ED-D810C3BB787D}.Release|Any CPU.ActiveCfg = Release|Any CPU
		{8670ADA1-7B88-4526-B4ED-D810C3BB787D}.Release|Any CPU.Build.0 = Release|Any CPU
		{8670ADA1-7B88-4526-B4ED-D810C3BB787D}.SingleImage|Any CPU.ActiveCfg = Release|Any CPU
		{8670ADA1-7B88-4526-B4ED-D810C3BB787D}.SingleImage|Any CPU.Build.0 = Release|Any CPU
		{EB9FD50B-500E-4F51-BCB8-3D866BB54B63}.CD_ROM|Any CPU.ActiveCfg = Release|Any CPU
		{EB9FD50B-500E-4F51-BCB8-3D866BB54B63}.CD_ROM|Any CPU.Build.0 = Release|Any CPU
		{EB9FD50B-500E-4F51-BCB8-3D866BB54B63}.Debug|Any CPU.ActiveCfg = Debug|Any CPU
		{EB9FD50B-500E-4F51-BCB8-3D866BB54B63}.Debug|Any CPU.Build.0 = Debug|Any CPU
		{EB9FD50B-500E-4F51-BCB8-3D866BB54B63}.DVD-5|Any CPU.ActiveCfg = Debug|Any CPU
		{EB9FD50B-500E-4F51-BCB8-3D866BB54B63}.DVD-5|Any CPU.Build.0 = Debug|Any CPU
		{EB9FD50B-500E-4F51-BCB8-3D866BB54B63}.Release|Any CPU.ActiveCfg = Release|Any CPU
		{EB9FD50B-500E-4F51-BCB8-3D866BB54B63}.Release|Any CPU.Build.0 = Release|Any CPU
		{EB9FD50B-500E-4F51-BCB8-3D866BB54B63}.SingleImage|Any CPU.ActiveCfg = Release|Any CPU
		{EB9FD50B-500E-4F51-BCB8-3D866BB54B63}.SingleImage|Any CPU.Build.0 = Release|Any CPU
		{6C2BC445-6D3D-44C9-85EF-FAFF93A5AA61}.CD_ROM|Any CPU.ActiveCfg = Release|Any CPU
		{6C2BC445-6D3D-44C9-85EF-FAFF93A5AA61}.CD_ROM|Any CPU.Build.0 = Release|Any CPU
		{6C2BC445-6D3D-44C9-85EF-FAFF93A5AA61}.Debug|Any CPU.ActiveCfg = Debug|Any CPU
		{6C2BC445-6D3D-44C9-85EF-FAFF93A5AA61}.Debug|Any CPU.Build.0 = Debug|Any CPU
		{6C2BC445-6D3D-44C9-85EF-FAFF93A5AA61}.DVD-5|Any CPU.ActiveCfg = Debug|Any CPU
		{6C2BC445-6D3D-44C9-85EF-FAFF93A5AA61}.DVD-5|Any CPU.Build.0 = Debug|Any CPU
		{6C2BC445-6D3D-44C9-85EF-FAFF93A5AA61}.Release|Any CPU.ActiveCfg = Release|Any CPU
		{6C2BC445-6D3D-44C9-85EF-FAFF93A5AA61}.Release|Any CPU.Build.0 = Release|Any CPU
		{6C2BC445-6D3D-44C9-85EF-FAFF93A5AA61}.SingleImage|Any CPU.ActiveCfg = Release|Any CPU
		{6C2BC445-6D3D-44C9-85EF-FAFF93A5AA61}.SingleImage|Any CPU.Build.0 = Release|Any CPU
		{C5324FCD-63E5-4786-BBAB-99C5594CE063}.CD_ROM|Any CPU.ActiveCfg = Release|Any CPU
		{C5324FCD-63E5-4786-BBAB-99C5594CE063}.CD_ROM|Any CPU.Build.0 = Release|Any CPU
		{C5324FCD-63E5-4786-BBAB-99C5594CE063}.Debug|Any CPU.ActiveCfg = Debug|Any CPU
		{C5324FCD-63E5-4786-BBAB-99C5594CE063}.Debug|Any CPU.Build.0 = Debug|Any CPU
		{C5324FCD-63E5-4786-BBAB-99C5594CE063}.DVD-5|Any CPU.ActiveCfg = Debug|Any CPU
		{C5324FCD-63E5-4786-BBAB-99C5594CE063}.DVD-5|Any CPU.Build.0 = Debug|Any CPU
		{C5324FCD-63E5-4786-BBAB-99C5594CE063}.Release|Any CPU.ActiveCfg = Release|Any CPU
		{C5324FCD-63E5-4786-BBAB-99C5594CE063}.Release|Any CPU.Build.0 = Release|Any CPU
		{C5324FCD-63E5-4786-BBAB-99C5594CE063}.SingleImage|Any CPU.ActiveCfg = Release|Any CPU
		{C5324FCD-63E5-4786-BBAB-99C5594CE063}.SingleImage|Any CPU.Build.0 = Release|Any CPU
		{2D18BE89-D210-49EB-A9DD-2246FBB3DF6D}.CD_ROM|Any CPU.ActiveCfg = Release|Any CPU
		{2D18BE89-D210-49EB-A9DD-2246FBB3DF6D}.CD_ROM|Any CPU.Build.0 = Release|Any CPU
		{2D18BE89-D210-49EB-A9DD-2246FBB3DF6D}.Debug|Any CPU.ActiveCfg = Debug|Any CPU
		{2D18BE89-D210-49EB-A9DD-2246FBB3DF6D}.Debug|Any CPU.Build.0 = Debug|Any CPU
		{2D18BE89-D210-49EB-A9DD-2246FBB3DF6D}.DVD-5|Any CPU.ActiveCfg = Debug|Any CPU
		{2D18BE89-D210-49EB-A9DD-2246FBB3DF6D}.DVD-5|Any CPU.Build.0 = Debug|Any CPU
		{2D18BE89-D210-49EB-A9DD-2246FBB3DF6D}.Release|Any CPU.ActiveCfg = Release|Any CPU
		{2D18BE89-D210-49EB-A9DD-2246FBB3DF6D}.Release|Any CPU.Build.0 = Release|Any CPU
		{2D18BE89-D210-49EB-A9DD-2246FBB3DF6D}.SingleImage|Any CPU.ActiveCfg = Release|Any CPU
		{2D18BE89-D210-49EB-A9DD-2246FBB3DF6D}.SingleImage|Any CPU.Build.0 = Release|Any CPU
		{BEF2BBB4-1973-41FE-B646-D5FA1144AB09}.CD_ROM|Any CPU.ActiveCfg = Release|Any CPU
		{BEF2BBB4-1973-41FE-B646-D5FA1144AB09}.CD_ROM|Any CPU.Build.0 = Release|Any CPU
		{BEF2BBB4-1973-41FE-B646-D5FA1144AB09}.Debug|Any CPU.ActiveCfg = Debug|Any CPU
		{BEF2BBB4-1973-41FE-B646-D5FA1144AB09}.Debug|Any CPU.Build.0 = Debug|Any CPU
		{BEF2BBB4-1973-41FE-B646-D5FA1144AB09}.DVD-5|Any CPU.ActiveCfg = Debug|Any CPU
		{BEF2BBB4-1973-41FE-B646-D5FA1144AB09}.DVD-5|Any CPU.Build.0 = Debug|Any CPU
		{BEF2BBB4-1973-41FE-B646-D5FA1144AB09}.Release|Any CPU.ActiveCfg = Release|Any CPU
		{BEF2BBB4-1973-41FE-B646-D5FA1144AB09}.Release|Any CPU.Build.0 = Release|Any CPU
		{BEF2BBB4-1973-41FE-B646-D5FA1144AB09}.SingleImage|Any CPU.ActiveCfg = Release|Any CPU
		{BEF2BBB4-1973-41FE-B646-D5FA1144AB09}.SingleImage|Any CPU.Build.0 = Release|Any CPU
		{46EF8BD1-AE9B-4514-9111-0BB372FE07EB}.CD_ROM|Any CPU.ActiveCfg = Release|Any CPU
		{46EF8BD1-AE9B-4514-9111-0BB372FE07EB}.CD_ROM|Any CPU.Build.0 = Release|Any CPU
		{46EF8BD1-AE9B-4514-9111-0BB372FE07EB}.Debug|Any CPU.ActiveCfg = Debug|Any CPU
		{46EF8BD1-AE9B-4514-9111-0BB372FE07EB}.Debug|Any CPU.Build.0 = Debug|Any CPU
		{46EF8BD1-AE9B-4514-9111-0BB372FE07EB}.DVD-5|Any CPU.ActiveCfg = Debug|Any CPU
		{46EF8BD1-AE9B-4514-9111-0BB372FE07EB}.DVD-5|Any CPU.Build.0 = Debug|Any CPU
		{46EF8BD1-AE9B-4514-9111-0BB372FE07EB}.Release|Any CPU.ActiveCfg = Release|Any CPU
		{46EF8BD1-AE9B-4514-9111-0BB372FE07EB}.Release|Any CPU.Build.0 = Release|Any CPU
		{46EF8BD1-AE9B-4514-9111-0BB372FE07EB}.SingleImage|Any CPU.ActiveCfg = Release|Any CPU
		{46EF8BD1-AE9B-4514-9111-0BB372FE07EB}.SingleImage|Any CPU.Build.0 = Release|Any CPU
		{0EFB15BB-E16C-46B5-B272-BA6127FEE122}.CD_ROM|Any CPU.ActiveCfg = Release|Any CPU
		{0EFB15BB-E16C-46B5-B272-BA6127FEE122}.CD_ROM|Any CPU.Build.0 = Release|Any CPU
		{0EFB15BB-E16C-46B5-B272-BA6127FEE122}.Debug|Any CPU.ActiveCfg = Debug|Any CPU
		{0EFB15BB-E16C-46B5-B272-BA6127FEE122}.Debug|Any CPU.Build.0 = Debug|Any CPU
		{0EFB15BB-E16C-46B5-B272-BA6127FEE122}.DVD-5|Any CPU.ActiveCfg = Debug|Any CPU
		{0EFB15BB-E16C-46B5-B272-BA6127FEE122}.DVD-5|Any CPU.Build.0 = Debug|Any CPU
		{0EFB15BB-E16C-46B5-B272-BA6127FEE122}.Release|Any CPU.ActiveCfg = Release|Any CPU
		{0EFB15BB-E16C-46B5-B272-BA6127FEE122}.Release|Any CPU.Build.0 = Release|Any CPU
		{0EFB15BB-E16C-46B5-B272-BA6127FEE122}.SingleImage|Any CPU.ActiveCfg = Release|Any CPU
		{0EFB15BB-E16C-46B5-B272-BA6127FEE122}.SingleImage|Any CPU.Build.0 = Release|Any CPU
		{43579FC3-BE54-4877-80D5-F7E49865A1DE}.CD_ROM|Any CPU.ActiveCfg = Release|Any CPU
		{43579FC3-BE54-4877-80D5-F7E49865A1DE}.CD_ROM|Any CPU.Build.0 = Release|Any CPU
		{43579FC3-BE54-4877-80D5-F7E49865A1DE}.Debug|Any CPU.ActiveCfg = Debug|Any CPU
		{43579FC3-BE54-4877-80D5-F7E49865A1DE}.Debug|Any CPU.Build.0 = Debug|Any CPU
		{43579FC3-BE54-4877-80D5-F7E49865A1DE}.DVD-5|Any CPU.ActiveCfg = Debug|Any CPU
		{43579FC3-BE54-4877-80D5-F7E49865A1DE}.DVD-5|Any CPU.Build.0 = Debug|Any CPU
		{43579FC3-BE54-4877-80D5-F7E49865A1DE}.Release|Any CPU.ActiveCfg = Release|Any CPU
		{43579FC3-BE54-4877-80D5-F7E49865A1DE}.Release|Any CPU.Build.0 = Release|Any CPU
		{43579FC3-BE54-4877-80D5-F7E49865A1DE}.SingleImage|Any CPU.ActiveCfg = Release|Any CPU
		{43579FC3-BE54-4877-80D5-F7E49865A1DE}.SingleImage|Any CPU.Build.0 = Release|Any CPU
		{88592B88-E7C0-457B-9B2B-DC0610CAD503}.CD_ROM|Any CPU.ActiveCfg = Release|Any CPU
		{88592B88-E7C0-457B-9B2B-DC0610CAD503}.CD_ROM|Any CPU.Build.0 = Release|Any CPU
		{88592B88-E7C0-457B-9B2B-DC0610CAD503}.Debug|Any CPU.ActiveCfg = Debug|Any CPU
		{88592B88-E7C0-457B-9B2B-DC0610CAD503}.Debug|Any CPU.Build.0 = Debug|Any CPU
		{88592B88-E7C0-457B-9B2B-DC0610CAD503}.DVD-5|Any CPU.ActiveCfg = Debug|Any CPU
		{88592B88-E7C0-457B-9B2B-DC0610CAD503}.DVD-5|Any CPU.Build.0 = Debug|Any CPU
		{88592B88-E7C0-457B-9B2B-DC0610CAD503}.Release|Any CPU.ActiveCfg = Release|Any CPU
		{88592B88-E7C0-457B-9B2B-DC0610CAD503}.Release|Any CPU.Build.0 = Release|Any CPU
		{88592B88-E7C0-457B-9B2B-DC0610CAD503}.SingleImage|Any CPU.ActiveCfg = Release|Any CPU
		{88592B88-E7C0-457B-9B2B-DC0610CAD503}.SingleImage|Any CPU.Build.0 = Release|Any CPU
		{326A0AF5-C1D6-4882-A044-0F0D3BB62D9A}.CD_ROM|Any CPU.ActiveCfg = Release|Any CPU
		{326A0AF5-C1D6-4882-A044-0F0D3BB62D9A}.CD_ROM|Any CPU.Build.0 = Release|Any CPU
		{326A0AF5-C1D6-4882-A044-0F0D3BB62D9A}.Debug|Any CPU.ActiveCfg = Debug|Any CPU
		{326A0AF5-C1D6-4882-A044-0F0D3BB62D9A}.Debug|Any CPU.Build.0 = Debug|Any CPU
		{326A0AF5-C1D6-4882-A044-0F0D3BB62D9A}.DVD-5|Any CPU.ActiveCfg = Debug|Any CPU
		{326A0AF5-C1D6-4882-A044-0F0D3BB62D9A}.DVD-5|Any CPU.Build.0 = Debug|Any CPU
		{326A0AF5-C1D6-4882-A044-0F0D3BB62D9A}.Release|Any CPU.ActiveCfg = Release|Any CPU
		{326A0AF5-C1D6-4882-A044-0F0D3BB62D9A}.Release|Any CPU.Build.0 = Release|Any CPU
		{326A0AF5-C1D6-4882-A044-0F0D3BB62D9A}.SingleImage|Any CPU.ActiveCfg = Release|Any CPU
		{326A0AF5-C1D6-4882-A044-0F0D3BB62D9A}.SingleImage|Any CPU.Build.0 = Release|Any CPU
		{AB940500-910B-4C3D-B73E-64E5E348DAF6}.CD_ROM|Any CPU.ActiveCfg = Release|Any CPU
		{AB940500-910B-4C3D-B73E-64E5E348DAF6}.CD_ROM|Any CPU.Build.0 = Release|Any CPU
		{AB940500-910B-4C3D-B73E-64E5E348DAF6}.Debug|Any CPU.ActiveCfg = Debug|Any CPU
		{AB940500-910B-4C3D-B73E-64E5E348DAF6}.Debug|Any CPU.Build.0 = Debug|Any CPU
		{AB940500-910B-4C3D-B73E-64E5E348DAF6}.DVD-5|Any CPU.ActiveCfg = Debug|Any CPU
		{AB940500-910B-4C3D-B73E-64E5E348DAF6}.DVD-5|Any CPU.Build.0 = Debug|Any CPU
		{AB940500-910B-4C3D-B73E-64E5E348DAF6}.Release|Any CPU.ActiveCfg = Release|Any CPU
		{AB940500-910B-4C3D-B73E-64E5E348DAF6}.Release|Any CPU.Build.0 = Release|Any CPU
		{AB940500-910B-4C3D-B73E-64E5E348DAF6}.SingleImage|Any CPU.ActiveCfg = Release|Any CPU
		{AB940500-910B-4C3D-B73E-64E5E348DAF6}.SingleImage|Any CPU.Build.0 = Release|Any CPU
		{EADA4023-CADF-4DD1-9AA6-95F253969F67}.CD_ROM|Any CPU.ActiveCfg = Release|Any CPU
		{EADA4023-CADF-4DD1-9AA6-95F253969F67}.CD_ROM|Any CPU.Build.0 = Release|Any CPU
		{EADA4023-CADF-4DD1-9AA6-95F253969F67}.Debug|Any CPU.ActiveCfg = Debug|Any CPU
		{EADA4023-CADF-4DD1-9AA6-95F253969F67}.Debug|Any CPU.Build.0 = Debug|Any CPU
		{EADA4023-CADF-4DD1-9AA6-95F253969F67}.DVD-5|Any CPU.ActiveCfg = Debug|Any CPU
		{EADA4023-CADF-4DD1-9AA6-95F253969F67}.DVD-5|Any CPU.Build.0 = Debug|Any CPU
		{EADA4023-CADF-4DD1-9AA6-95F253969F67}.Release|Any CPU.ActiveCfg = Release|Any CPU
		{EADA4023-CADF-4DD1-9AA6-95F253969F67}.Release|Any CPU.Build.0 = Release|Any CPU
		{EADA4023-CADF-4DD1-9AA6-95F253969F67}.SingleImage|Any CPU.ActiveCfg = Release|Any CPU
		{EADA4023-CADF-4DD1-9AA6-95F253969F67}.SingleImage|Any CPU.Build.0 = Release|Any CPU
	EndGlobalSection
	GlobalSection(SolutionProperties) = preSolution
		HideSolutionNode = FALSE
	EndGlobalSection
EndGlobal
